// !$*UTF8*$!
{
	archiveVersion = 1;
	classes = {
	};
	objectVersion = 46;
	objects = {

/* Begin PBXBuildFile section */
		75E545691BD250C0004CDDC1 /* main.m in Sources */ = {isa = PBXBuildFile; fileRef = 75E545681BD250C0004CDDC1 /* main.m */; };
		75E5456C1BD250C0004CDDC1 /* AppDelegate.m in Sources */ = {isa = PBXBuildFile; fileRef = 75E5456B1BD250C0004CDDC1 /* AppDelegate.m */; };
		75E545721BD250C0004CDDC1 /* Main.storyboard in Resources */ = {isa = PBXBuildFile; fileRef = 75E545701BD250C0004CDDC1 /* Main.storyboard */; };
		75E545741BD250C0004CDDC1 /* Images.xcassets in Resources */ = {isa = PBXBuildFile; fileRef = 75E545731BD250C0004CDDC1 /* Images.xcassets */; };
		75E545771BD250C0004CDDC1 /* LaunchScreen.xib in Resources */ = {isa = PBXBuildFile; fileRef = 75E545751BD250C0004CDDC1 /* LaunchScreen.xib */; };
		75E545831BD250C0004CDDC1 /* AreYouJokingLesson3Tests.m in Sources */ = {isa = PBXBuildFile; fileRef = 75E545821BD250C0004CDDC1 /* AreYouJokingLesson3Tests.m */; };
		75E5458E1BD266DC004CDDC1 /* JokesViewController.m in Sources */ = {isa = PBXBuildFile; fileRef = 75E5458D1BD266DC004CDDC1 /* JokesViewController.m */; };
		75E545911BD27771004CDDC1 /* Joke.m in Sources */ = {isa = PBXBuildFile; fileRef = 75E545901BD27771004CDDC1 /* Joke.m */; };
		75E545941BD28839004CDDC1 /* JokeDetailedViewController.m in Sources */ = {isa = PBXBuildFile; fileRef = 75E545931BD28839004CDDC1 /* JokeDetailedViewController.m */; };
/* End PBXBuildFile section */

/* Begin PBXContainerItemProxy section */
		75E5457D1BD250C0004CDDC1 /* PBXContainerItemProxy */ = {
			isa = PBXContainerItemProxy;
			containerPortal = 75E5455B1BD250C0004CDDC1 /* Project object */;
			proxyType = 1;
			remoteGlobalIDString = 75E545621BD250C0004CDDC1;
			remoteInfo = AreYouJokingLesson3;
		};
/* End PBXContainerItemProxy section */

/* Begin PBXFileReference section */
		75E545631BD250C0004CDDC1 /* AreYouJokingLesson3.app */ = {isa = PBXFileReference; explicitFileType = wrapper.application; includeInIndex = 0; path = AreYouJokingLesson3.app; sourceTree = BUILT_PRODUCTS_DIR; };
		75E545671BD250C0004CDDC1 /* Info.plist */ = {isa = PBXFileReference; lastKnownFileType = text.plist.xml; path = Info.plist; sourceTree = "<group>"; };
		75E545681BD250C0004CDDC1 /* main.m */ = {isa = PBXFileReference; lastKnownFileType = sourcecode.c.objc; path = main.m; sourceTree = "<group>"; };
		75E5456A1BD250C0004CDDC1 /* AppDelegate.h */ = {isa = PBXFileReference; lastKnownFileType = sourcecode.c.h; path = AppDelegate.h; sourceTree = "<group>"; };
		75E5456B1BD250C0004CDDC1 /* AppDelegate.m */ = {isa = PBXFileReference; lastKnownFileType = sourcecode.c.objc; path = AppDelegate.m; sourceTree = "<group>"; };
		75E545711BD250C0004CDDC1 /* Base */ = {isa = PBXFileReference; lastKnownFileType = file.storyboard; name = Base; path = Base.lproj/Main.storyboard; sourceTree = "<group>"; };
		75E545731BD250C0004CDDC1 /* Images.xcassets */ = {isa = PBXFileReference; lastKnownFileType = folder.assetcatalog; path = Images.xcassets; sourceTree = "<group>"; };
		75E545761BD250C0004CDDC1 /* Base */ = {isa = PBXFileReference; lastKnownFileType = file.xib; name = Base; path = Base.lproj/LaunchScreen.xib; sourceTree = "<group>"; };
		75E5457C1BD250C0004CDDC1 /* AreYouJokingLesson3Tests.xctest */ = {isa = PBXFileReference; explicitFileType = wrapper.cfbundle; includeInIndex = 0; path = AreYouJokingLesson3Tests.xctest; sourceTree = BUILT_PRODUCTS_DIR; };
		75E545811BD250C0004CDDC1 /* Info.plist */ = {isa = PBXFileReference; lastKnownFileType = text.plist.xml; path = Info.plist; sourceTree = "<group>"; };
		75E545821BD250C0004CDDC1 /* AreYouJokingLesson3Tests.m */ = {isa = PBXFileReference; lastKnownFileType = sourcecode.c.objc; path = AreYouJokingLesson3Tests.m; sourceTree = "<group>"; };
		75E5458C1BD266DC004CDDC1 /* JokesViewController.h */ = {isa = PBXFileReference; fileEncoding = 4; lastKnownFileType = sourcecode.c.h; path = JokesViewController.h; sourceTree = "<group>"; };
		75E5458D1BD266DC004CDDC1 /* JokesViewController.m */ = {isa = PBXFileReference; fileEncoding = 4; lastKnownFileType = sourcecode.c.objc; path = JokesViewController.m; sourceTree = "<group>"; };
		75E5458F1BD27771004CDDC1 /* Joke.h */ = {isa = PBXFileReference; fileEncoding = 4; lastKnownFileType = sourcecode.c.h; path = Joke.h; sourceTree = "<group>"; };
		75E545901BD27771004CDDC1 /* Joke.m */ = {isa = PBXFileReference; fileEncoding = 4; lastKnownFileType = sourcecode.c.objc; path = Joke.m; sourceTree = "<group>"; };
		75E545921BD28839004CDDC1 /* JokeDetailedViewController.h */ = {isa = PBXFileReference; fileEncoding = 4; lastKnownFileType = sourcecode.c.h; path = JokeDetailedViewController.h; sourceTree = "<group>"; };
		75E545931BD28839004CDDC1 /* JokeDetailedViewController.m */ = {isa = PBXFileReference; fileEncoding = 4; lastKnownFileType = sourcecode.c.objc; path = JokeDetailedViewController.m; sourceTree = "<group>"; };
/* End PBXFileReference section */

/* Begin PBXFrameworksBuildPhase section */
		75E545601BD250C0004CDDC1 /* Frameworks */ = {
			isa = PBXFrameworksBuildPhase;
			buildActionMask = 2147483647;
			files = (
			);
			runOnlyForDeploymentPostprocessing = 0;
		};
		75E545791BD250C0004CDDC1 /* Frameworks */ = {
			isa = PBXFrameworksBuildPhase;
			buildActionMask = 2147483647;
			files = (
			);
			runOnlyForDeploymentPostprocessing = 0;
		};
/* End PBXFrameworksBuildPhase section */

/* Begin PBXGroup section */
		75E5455A1BD250C0004CDDC1 = {
			isa = PBXGroup;
			children = (
				75E545651BD250C0004CDDC1 /* AreYouJokingLesson3 */,
				75E5457F1BD250C0004CDDC1 /* AreYouJokingLesson3Tests */,
				75E545641BD250C0004CDDC1 /* Products */,
			);
			sourceTree = "<group>";
		};
		75E545641BD250C0004CDDC1 /* Products */ = {
			isa = PBXGroup;
			children = (
				75E545631BD250C0004CDDC1 /* AreYouJokingLesson3.app */,
				75E5457C1BD250C0004CDDC1 /* AreYouJokingLesson3Tests.xctest */,
			);
			name = Products;
			sourceTree = "<group>";
		};
		75E545651BD250C0004CDDC1 /* AreYouJokingLesson3 */ = {
			isa = PBXGroup;
			children = (
				75E5456A1BD250C0004CDDC1 /* AppDelegate.h */,
				75E5456B1BD250C0004CDDC1 /* AppDelegate.m */,
				75E545701BD250C0004CDDC1 /* Main.storyboard */,
				75E5458C1BD266DC004CDDC1 /* JokesViewController.h */,
				75E5458D1BD266DC004CDDC1 /* JokesViewController.m */,
				75E545921BD28839004CDDC1 /* JokeDetailedViewController.h */,
				75E545931BD28839004CDDC1 /* JokeDetailedViewController.m */,
				75E5458F1BD27771004CDDC1 /* Joke.h */,
				75E545901BD27771004CDDC1 /* Joke.m */,
				75E545731BD250C0004CDDC1 /* Images.xcassets */,
				75E545751BD250C0004CDDC1 /* LaunchScreen.xib */,
				75E545661BD250C0004CDDC1 /* Supporting Files */,
			);
			path = AreYouJokingLesson3;
			sourceTree = "<group>";
		};
		75E545661BD250C0004CDDC1 /* Supporting Files */ = {
			isa = PBXGroup;
			children = (
				75E545671BD250C0004CDDC1 /* Info.plist */,
				75E545681BD250C0004CDDC1 /* main.m */,
			);
			name = "Supporting Files";
			sourceTree = "<group>";
		};
		75E5457F1BD250C0004CDDC1 /* AreYouJokingLesson3Tests */ = {
			isa = PBXGroup;
			children = (
				75E545821BD250C0004CDDC1 /* AreYouJokingLesson3Tests.m */,
				75E545801BD250C0004CDDC1 /* Supporting Files */,
			);
			path = AreYouJokingLesson3Tests;
			sourceTree = "<group>";
		};
		75E545801BD250C0004CDDC1 /* Supporting Files */ = {
			isa = PBXGroup;
			children = (
				75E545811BD250C0004CDDC1 /* Info.plist */,
			);
			name = "Supporting Files";
			sourceTree = "<group>";
		};
/* End PBXGroup section */

/* Begin PBXNativeTarget section */
		75E545621BD250C0004CDDC1 /* AreYouJokingLesson3 */ = {
			isa = PBXNativeTarget;
			buildConfigurationList = 75E545861BD250C0004CDDC1 /* Build configuration list for PBXNativeTarget "AreYouJokingLesson3" */;
			buildPhases = (
				75E5455F1BD250C0004CDDC1 /* Sources */,
				75E545601BD250C0004CDDC1 /* Frameworks */,
				75E545611BD250C0004CDDC1 /* Resources */,
			);
			buildRules = (
			);
			dependencies = (
			);
			name = AreYouJokingLesson3;
			productName = AreYouJokingLesson3;
			productReference = 75E545631BD250C0004CDDC1 /* AreYouJokingLesson3.app */;
			productType = "com.apple.product-type.application";
		};
		75E5457B1BD250C0004CDDC1 /* AreYouJokingLesson3Tests */ = {
			isa = PBXNativeTarget;
			buildConfigurationList = 75E545891BD250C0004CDDC1 /* Build configuration list for PBXNativeTarget "AreYouJokingLesson3Tests" */;
			buildPhases = (
				75E545781BD250C0004CDDC1 /* Sources */,
				75E545791BD250C0004CDDC1 /* Frameworks */,
				75E5457A1BD250C0004CDDC1 /* Resources */,
			);
			buildRules = (
			);
			dependencies = (
				75E5457E1BD250C0004CDDC1 /* PBXTargetDependency */,
			);
			name = AreYouJokingLesson3Tests;
			productName = AreYouJokingLesson3Tests;
			productReference = 75E5457C1BD250C0004CDDC1 /* AreYouJokingLesson3Tests.xctest */;
			productType = "com.apple.product-type.bundle.unit-test";
		};
/* End PBXNativeTarget section */

/* Begin PBXProject section */
		75E5455B1BD250C0004CDDC1 /* Project object */ = {
			isa = PBXProject;
			attributes = {
				LastUpgradeCheck = 0630;
				ORGANIZATIONNAME = "Андрей Ким";
				TargetAttributes = {
					75E545621BD250C0004CDDC1 = {
						CreatedOnToolsVersion = 6.3.2;
					};
					75E5457B1BD250C0004CDDC1 = {
						CreatedOnToolsVersion = 6.3.2;
						TestTargetID = 75E545621BD250C0004CDDC1;
					};
				};
			};
			buildConfigurationList = 75E5455E1BD250C0004CDDC1 /* Build configuration list for PBXProject "AreYouJokingLesson3" */;
			compatibilityVersion = "Xcode 3.2";
			developmentRegion = English;
			hasScannedForEncodings = 0;
			knownRegions = (
				en,
				Base,
			);
			mainGroup = 75E5455A1BD250C0004CDDC1;
			productRefGroup = 75E545641BD250C0004CDDC1 /* Products */;
			projectDirPath = "";
			projectRoot = "";
			targets = (
				75E545621BD250C0004CDDC1 /* AreYouJokingLesson3 */,
				75E5457B1BD250C0004CDDC1 /* AreYouJokingLesson3Tests */,
			);
		};
/* End PBXProject section */

/* Begin PBXResourcesBuildPhase section */
		75E545611BD250C0004CDDC1 /* Resources */ = {
			isa = PBXResourcesBuildPhase;
			buildActionMask = 2147483647;
			files = (
				75E545721BD250C0004CDDC1 /* Main.storyboard in Resources */,
				75E545771BD250C0004CDDC1 /* LaunchScreen.xib in Resources */,
				75E545741BD250C0004CDDC1 /* Images.xcassets in Resources */,
			);
			runOnlyForDeploymentPostprocessing = 0;
		};
		75E5457A1BD250C0004CDDC1 /* Resources */ = {
			isa = PBXResourcesBuildPhase;
			buildActionMask = 2147483647;
			files = (
			);
			runOnlyForDeploymentPostprocessing = 0;
		};
/* End PBXResourcesBuildPhase section */

/* Begin PBXSourcesBuildPhase section */
		75E5455F1BD250C0004CDDC1 /* Sources */ = {
			isa = PBXSourcesBuildPhase;
			buildActionMask = 2147483647;
			files = (
				75E5456C1BD250C0004CDDC1 /* AppDelegate.m in Sources */,
				75E545941BD28839004CDDC1 /* JokeDetailedViewController.m in Sources */,
				75E545691BD250C0004CDDC1 /* main.m in Sources */,
				75E545911BD27771004CDDC1 /* Joke.m in Sources */,
				75E5458E1BD266DC004CDDC1 /* JokesViewController.m in Sources */,
			);
			runOnlyForDeploymentPostprocessing = 0;
		};
		75E545781BD250C0004CDDC1 /* Sources */ = {
			isa = PBXSourcesBuildPhase;
			buildActionMask = 2147483647;
			files = (
				75E545831BD250C0004CDDC1 /* AreYouJokingLesson3Tests.m in Sources */,
			);
			runOnlyForDeploymentPostprocessing = 0;
		};
/* End PBXSourcesBuildPhase section */

/* Begin PBXTargetDependency section */
		75E5457E1BD250C0004CDDC1 /* PBXTargetDependency */ = {
			isa = PBXTargetDependency;
			target = 75E545621BD250C0004CDDC1 /* AreYouJokingLesson3 */;
			targetProxy = 75E5457D1BD250C0004CDDC1 /* PBXContainerItemProxy */;
		};
/* End PBXTargetDependency section */

/* Begin PBXVariantGroup section */
		75E545701BD250C0004CDDC1 /* Main.storyboard */ = {
			isa = PBXVariantGroup;
			children = (
				75E545711BD250C0004CDDC1 /* Base */,
			);
			name = Main.storyboard;
			sourceTree = "<group>";
		};
		75E545751BD250C0004CDDC1 /* LaunchScreen.xib */ = {
			isa = PBXVariantGroup;
			children = (
				75E545761BD250C0004CDDC1 /* Base */,
			);
			name = LaunchScreen.xib;
			sourceTree = "<group>";
		};
/* End PBXVariantGroup section */

/* Begin XCBuildConfiguration section */
		75E545841BD250C0004CDDC1 /* Debug */ = {
			isa = XCBuildConfiguration;
			buildSettings = {
				ALWAYS_SEARCH_USER_PATHS = NO;
				CLANG_CXX_LANGUAGE_STANDARD = "gnu++0x";
				CLANG_CXX_LIBRARY = "libc++";
				CLANG_ENABLE_MODULES = YES;
				CLANG_ENABLE_OBJC_ARC = YES;
				CLANG_WARN_BOOL_CONVERSION = YES;
				CLANG_WARN_CONSTANT_CONVERSION = YES;
				CLANG_WARN_DIRECT_OBJC_ISA_USAGE = YES_ERROR;
				CLANG_WARN_EMPTY_BODY = YES;
				CLANG_WARN_ENUM_CONVERSION = YES;
				CLANG_WARN_INT_CONVERSION = YES;
				CLANG_WARN_OBJC_ROOT_CLASS = YES_ERROR;
				CLANG_WARN_UNREACHABLE_CODE = YES;
				CLANG_WARN__DUPLICATE_METHOD_MATCH = YES;
				"CODE_SIGN_IDENTITY[sdk=iphoneos*]" = "iPhone Developer";
				COPY_PHASE_STRIP = NO;
				DEBUG_INFORMATION_FORMAT = "dwarf-with-dsym";
				ENABLE_STRICT_OBJC_MSGSEND = YES;
				GCC_C_LANGUAGE_STANDARD = gnu99;
				GCC_DYNAMIC_NO_PIC = NO;
				GCC_NO_COMMON_BLOCKS = YES;
				GCC_OPTIMIZATION_LEVEL = 0;
				GCC_PREPROCESSOR_DEFINITIONS = (
					"DEBUG=1",
					"$(inherited)",
				);
				GCC_SYMBOLS_PRIVATE_EXTERN = NO;
				GCC_WARN_64_TO_32_BIT_CONVERSION = YES;
				GCC_WARN_ABOUT_RETURN_TYPE = YES_ERROR;
				GCC_WARN_UNDECLARED_SELECTOR = YES;
				GCC_WARN_UNINITIALIZED_AUTOS = YES_AGGRESSIVE;
				GCC_WARN_UNUSED_FUNCTION = YES;
				GCC_WARN_UNUSED_VARIABLE = YES;
				IPHONEOS_DEPLOYMENT_TARGET = 8.3;
				MTL_ENABLE_DEBUG_INFO = YES;
				ONLY_ACTIVE_ARCH = YES;
				SDKROOT = iphoneos;
				TARGETED_DEVICE_FAMILY = "1,2";
			};
			name = Debug;
		};
		75E545851BD250C0004CDDC1 /* Release */ = {
			isa = XCBuildConfiguration;
			buildSettings = {
				ALWAYS_SEARCH_USER_PATHS = NO;
				CLANG_CXX_LANGUAGE_STANDARD = "gnu++0x";
				CLANG_CXX_LIBRARY = "libc++";
				CLANG_ENABLE_MODULES = YES;
				CLANG_ENABLE_OBJC_ARC = YES;
				CLANG_WARN_BOOL_CONVERSION = YES;
				CLANG_WARN_CONSTANT_CONVERSION = YES;
				CLANG_WARN_DIRECT_OBJC_ISA_USAGE = YES_ERROR;
				CLANG_WARN_EMPTY_BODY = YES;
				CLANG_WARN_ENUM_CONVERSION = YES;
				CLANG_WARN_INT_CONVERSION = YES;
				CLANG_WARN_OBJC_ROOT_CLASS = YES_ERROR;
				CLANG_WARN_UNREACHABLE_CODE = YES;
				CLANG_WARN__DUPLICATE_METHOD_MATCH = YES;
				"CODE_SIGN_IDENTITY[sdk=iphoneos*]" = "iPhone Developer";
				COPY_PHASE_STRIP = NO;
				DEBUG_INFORMATION_FORMAT = "dwarf-with-dsym";
				ENABLE_NS_ASSERTIONS = NO;
				ENABLE_STRICT_OBJC_MSGSEND = YES;
				GCC_C_LANGUAGE_STANDARD = gnu99;
				GCC_NO_COMMON_BLOCKS = YES;
				GCC_WARN_64_TO_32_BIT_CONVERSION = YES;
				GCC_WARN_ABOUT_RETURN_TYPE = YES_ERROR;
				GCC_WARN_UNDECLARED_SELECTOR = YES;
				GCC_WARN_UNINITIALIZED_AUTOS = YES_AGGRESSIVE;
				GCC_WARN_UNUSED_FUNCTION = YES;
				GCC_WARN_UNUSED_VARIABLE = YES;
				IPHONEOS_DEPLOYMENT_TARGET = 8.3;
				MTL_ENABLE_DEBUG_INFO = NO;
				SDKROOT = iphoneos;
				TARGETED_DEVICE_FAMILY = "1,2";
				VALIDATE_PRODUCT = YES;
			};
			name = Release;
		};
		75E545871BD250C0004CDDC1 /* Debug */ = {
			isa = XCBuildConfiguration;
			buildSettings = {
				ASSETCATALOG_COMPILER_APPICON_NAME = AppIcon;
				INFOPLIST_FILE = AreYouJokingLesson3/Info.plist;
				LD_RUNPATH_SEARCH_PATHS = "$(inherited) @executable_path/Frameworks";
				PRODUCT_NAME = "$(TARGET_NAME)";
			};
			name = Debug;
		};
		75E545881BD250C0004CDDC1 /* Release */ = {
			isa = XCBuildConfiguration;
			buildSettings = {
				ASSETCATALOG_COMPILER_APPICON_NAME = AppIcon;
				INFOPLIST_FILE = AreYouJokingLesson3/Info.plist;
				LD_RUNPATH_SEARCH_PATHS = "$(inherited) @executable_path/Frameworks";
				PRODUCT_NAME = "$(TARGET_NAME)";
			};
			name = Release;
		};
		75E5458A1BD250C0004CDDC1 /* Debug */ = {
			isa = XCBuildConfiguration;
			buildSettings = {
				BUNDLE_LOADER = "$(TEST_HOST)";
				FRAMEWORK_SEARCH_PATHS = (
					"$(SDKROOT)/Developer/Library/Frameworks",
					"$(inherited)",
				);
				GCC_PREPROCESSOR_DEFINITIONS = (
					"DEBUG=1",
					"$(inherited)",
				);
				INFOPLIST_FILE = AreYouJokingLesson3Tests/Info.plist;
				LD_RUNPATH_SEARCH_PATHS = "$(inherited) @executable_path/Frameworks @loader_path/Frameworks";
				PRODUCT_NAME = "$(TARGET_NAME)";
				TEST_HOST = "$(BUILT_PRODUCTS_DIR)/AreYouJokingLesson3.app/AreYouJokingLesson3";
			};
			name = Debug;
		};
		75E5458B1BD250C0004CDDC1 /* Release */ = {
			isa = XCBuildConfiguration;
			buildSettings = {
				BUNDLE_LOADER = "$(TEST_HOST)";
				FRAMEWORK_SEARCH_PATHS = (
					"$(SDKROOT)/Developer/Library/Frameworks",
					"$(inherited)",
				);
				INFOPLIST_FILE = AreYouJokingLesson3Tests/Info.plist;
				LD_RUNPATH_SEARCH_PATHS = "$(inherited) @executable_path/Frameworks @loader_path/Frameworks";
				PRODUCT_NAME = "$(TARGET_NAME)";
				TEST_HOST = "$(BUILT_PRODUCTS_DIR)/AreYouJokingLesson3.app/AreYouJokingLesson3";
			};
			name = Release;
		};
/* End XCBuildConfiguration section */

/* Begin XCConfigurationList section */
		75E5455E1BD250C0004CDDC1 /* Build configuration list for PBXProject "AreYouJokingLesson3" */ = {
			isa = XCConfigurationList;
			buildConfigurations = (
				75E545841BD250C0004CDDC1 /* Debug */,
				75E545851BD250C0004CDDC1 /* Release */,
			);
			defaultConfigurationIsVisible = 0;
			defaultConfigurationName = Release;
		};
		75E545861BD250C0004CDDC1 /* Build configuration list for PBXNativeTarget "AreYouJokingLesson3" */ = {
			isa = XCConfigurationList;
			buildConfigurations = (
				75E545871BD250C0004CDDC1 /* Debug */,
				75E545881BD250C0004CDDC1 /* Release */,
			);
			defaultConfigurationIsVisible = 0;
		};
		75E545891BD250C0004CDDC1 /* Build configuration list for PBXNativeTarget "AreYouJokingLesson3Tests" */ = {
			isa = XCConfigurationList;
			buildConfigurations = (
				75E5458A1BD250C0004CDDC1 /* Debug */,
				75E5458B1BD250C0004CDDC1 /* Release */,
			);
			defaultConfigurationIsVisible = 0;
		};
/* End XCConfigurationList section */
	};
	rootObject = 75E5455B1BD250C0004CDDC1 /* Project object */;
}
